# This file is autogenerated, do not edit; changes may be undone by the next 'dep ensure'.


[[projects]]
  digest = "1:9edc0b172ea0685d33efea40c0d2e6991b2ffc71d5fde5c39dfba8e3adee3c05"
  name = "github.com/stianeikeland/go-rpio"
  packages = ["."]
  pruneopts = "UT"
  revision = "3abdd2207d33843c1c3fbea540bdf07990075c03"
  version = "4.1.0"

[solve-meta]
  analyzer-name = "dep"
  analyzer-version = 1
  input-imports = ["github.com/stianeikeland/go-rpio"]
  solver-name = "gps-cdcl"
  solver-version = 1
